{
  "version": 4,
  "terraform_version": "1.6.5",
  "serial": 4,
  "lineage": "e1dd8714-e757-ff98-0128-5e91ede2ab71",
  "outputs": {
    "vpc-cidr-block": {
      "value": "10.0.0.0/16",
      "type": "string"
    }
  },
  "resources": [
    {
      "module": "module.tf-vpc",
      "mode": "managed",
      "type": "aws_subnet",
      "name": "private_subnet",
      "provider": "module.tf-vpc.provider[\"registry.terraform.io/hashicorp/aws\"]",
      "instances": [
        {
          "schema_version": 1,
          "attributes": {
            "arn": "arn:aws:ec2:us-east-1:748296550357:subnet/subnet-0d0c2e32667f4db81",
            "assign_ipv6_address_on_creation": false,
            "availability_zone": "us-east-1a",
            "availability_zone_id": "use1-az6",
            "cidr_block": "10.0.2.0/24",
            "customer_owned_ipv4_pool": "",
            "enable_dns64": false,
            "enable_lni_at_device_index": 0,
            "enable_resource_name_dns_a_record_on_launch": false,
            "enable_resource_name_dns_aaaa_record_on_launch": false,
            "id": "subnet-0d0c2e32667f4db81",
            "ipv6_cidr_block": "",
            "ipv6_cidr_block_association_id": "",
            "ipv6_native": false,
            "map_customer_owned_ip_on_launch": false,
            "map_public_ip_on_launch": false,
            "outpost_arn": "",
            "owner_id": "748296550357",
            "private_dns_hostname_type_on_launch": "ip-name",
            "tags": {
              "Name": "terraform-private-subnet-DEV"
            },
            "tags_all": {
              "Name": "terraform-private-subnet-DEV"
            },
            "timeouts": null,
            "vpc_id": "vpc-0b37f840ac64fbfd5"
          },
          "sensitive_attributes": [],
          "private": "eyJlMmJmYjczMC1lY2FhLTExZTYtOGY4OC0zNDM2M2JjN2M0YzAiOnsiY3JlYXRlIjo2MDAwMDAwMDAwMDAsImRlbGV0ZSI6MTIwMDAwMDAwMDAwMH0sInNjaGVtYV92ZXJzaW9uIjoiMSJ9",
          "dependencies": [
            "module.tf-vpc.aws_vpc.module_vpc"
          ]
        }
      ]
    },
    {
      "module": "module.tf-vpc",
      "mode": "managed",
      "type": "aws_subnet",
      "name": "public_subnet",
      "provider": "module.tf-vpc.provider[\"registry.terraform.io/hashicorp/aws\"]",
      "instances": [
        {
          "schema_version": 1,
          "attributes": {
            "arn": "arn:aws:ec2:us-east-1:748296550357:subnet/subnet-02510f640ee1fcb49",
            "assign_ipv6_address_on_creation": false,
            "availability_zone": "us-east-1d",
            "availability_zone_id": "use1-az4",
            "cidr_block": "10.0.1.0/24",
            "customer_owned_ipv4_pool": "",
            "enable_dns64": false,
            "enable_lni_at_device_index": 0,
            "enable_resource_name_dns_a_record_on_launch": false,
            "enable_resource_name_dns_aaaa_record_on_launch": false,
            "id": "subnet-02510f640ee1fcb49",
            "ipv6_cidr_block": "",
            "ipv6_cidr_block_association_id": "",
            "ipv6_native": false,
            "map_customer_owned_ip_on_launch": false,
            "map_public_ip_on_launch": false,
            "outpost_arn": "",
            "owner_id": "748296550357",
            "private_dns_hostname_type_on_launch": "ip-name",
            "tags": {
              "Name": "terraform-public-subnet-DEV"
            },
            "tags_all": {
              "Name": "terraform-public-subnet-DEV"
            },
            "timeouts": null,
            "vpc_id": "vpc-0b37f840ac64fbfd5"
          },
          "sensitive_attributes": [],
          "private": "eyJlMmJmYjczMC1lY2FhLTExZTYtOGY4OC0zNDM2M2JjN2M0YzAiOnsiY3JlYXRlIjo2MDAwMDAwMDAwMDAsImRlbGV0ZSI6MTIwMDAwMDAwMDAwMH0sInNjaGVtYV92ZXJzaW9uIjoiMSJ9",
          "dependencies": [
            "module.tf-vpc.aws_vpc.module_vpc"
          ]
        }
      ]
    },
    {
      "module": "module.tf-vpc",
      "mode": "managed",
      "type": "aws_vpc",
      "name": "module_vpc",
      "provider": "module.tf-vpc.provider[\"registry.terraform.io/hashicorp/aws\"]",
      "instances": [
        {
          "schema_version": 1,
          "attributes": {
            "arn": "arn:aws:ec2:us-east-1:748296550357:vpc/vpc-0b37f840ac64fbfd5",
            "assign_generated_ipv6_cidr_block": false,
            "cidr_block": "10.0.0.0/16",
            "default_network_acl_id": "acl-0da13d3e7b35e2637",
            "default_route_table_id": "rtb-069daf15bd514543e",
            "default_security_group_id": "sg-08c5952c0fda5102c",
            "dhcp_options_id": "dopt-0156fafad76c0dfdc",
            "enable_dns_hostnames": false,
            "enable_dns_support": true,
            "enable_network_address_usage_metrics": false,
            "id": "vpc-0b37f840ac64fbfd5",
            "instance_tenancy": "default",
            "ipv4_ipam_pool_id": null,
            "ipv4_netmask_length": null,
            "ipv6_association_id": "",
            "ipv6_cidr_block": "",
            "ipv6_cidr_block_network_border_group": "",
            "ipv6_ipam_pool_id": "",
            "ipv6_netmask_length": 0,
            "main_route_table_id": "rtb-069daf15bd514543e",
            "owner_id": "748296550357",
            "tags": {
              "Name": "terraform-vpc-DEV"
            },
            "tags_all": {
              "Name": "terraform-vpc-DEV"
            }
          },
          "sensitive_attributes": [],
          "private": "eyJzY2hlbWFfdmVyc2lvbiI6IjEifQ=="
        }
      ]
    }
  ],
  "check_results": null
}
